
Microsoft Visual Studio Solution File, Format Version 12.00
# Visual Studio Version 16
VisualStudioVersion = 16.0.29020.237
MinimumVisualStudioVersion = 10.0.40219.1
Project("{FAE04EC0-301F-11D3-BF4B-00C04F79EFBC}") = "SharpHelpers", "SharpHelpers\SharpHelpers.csproj", "{0B9C8349-C268-46BE-85C7-CBBF125C120B}"
EndProject
Global
	GlobalSection(SolutionConfigurationPlatforms) = preSolution
		Debug|Any CPU = Debug|Any CPU
		Release|Any CPU = Release|Any CPU
	EndGlobalSection
	GlobalSection(ProjectConfigurationPlatforms) = postSolution
		{0B9C8349-C268-46BE-85C7-CBBF125C120B}.Debug|Any CPU.ActiveCfg = Debug|Any CPU
		{0B9C8349-C268-46BE-85C7-CBBF125C120B}.Debug|Any CPU.Build.0 = Debug|Any CPU
		{0B9C8349-C268-46BE-85C7-CBBF125C120B}.Release|Any CPU.ActiveCfg = Release|Any CPU
		{0B9C8349-C268-46BE-85C7-CBBF125C120B}.Release|Any CPU.Build.0 = Release|Any CPU
	EndGlobalSection
	GlobalSection(SolutionProperties) = preSolution
		HideSolutionNode = FALSE
	EndGlobalSection
	GlobalSection(ExtensibilityGlobals) = postSolution
		SolutionGuid = {495FCDD3-F5CE-4147-AE74-8B7B564F3CD8}
	EndGlobalSection
EndGlobal
